
Microsoft Visual Studio Solution File, Format Version 12.00
# Visual Studio Version 17
VisualStudioVersion = 17.5.33502.453
MinimumVisualStudioVersion = 10.0.40219.1
Project("{FAE04EC0-301F-11D3-BF4B-00C04F79EFBC}") = "SpaApp", "SpaApp.csproj", "{8F8591D8-4774-40CA-902F-23845A7AD63C}"
EndProject
Global
	GlobalSection(SolutionConfigurationPlatforms) = preSolution
		Debug|Any CPU = Debug|Any CPU
		Release|Any CPU = Release|Any CPU
	EndGlobalSection
	GlobalSection(ProjectConfigurationPlatforms) = postSolution
		{8F8591D8-4774-40CA-902F-23845A7AD63C}.Debug|Any CPU.ActiveCfg = Debug|Any CPU
		{8F8591D8-4774-40CA-902F-23845A7AD63C}.Debug|Any CPU.Build.0 = Debug|Any CPU
		{8F8591D8-4774-40CA-902F-23845A7AD63C}.Release|Any CPU.ActiveCfg = Release|Any CPU
		{8F8591D8-4774-40CA-902F-23845A7AD63C}.Release|Any CPU.Build.0 = Release|Any CPU
	EndGlobalSection
	GlobalSection(SolutionProperties) = preSolution
		HideSolutionNode = FALSE
	EndGlobalSection
	GlobalSection(ExtensibilityGlobals) = postSolution
		SolutionGuid = {4A973AB6-C933-46F4-8BBA-81C676BC345C}
	EndGlobalSection
EndGlobal
